// !$*UTF8*$!
{
	archiveVersion = 1;
	classes = {
	};
	objectVersion = 46;
	objects = {

/* Begin PBXBuildFile section */
		C84A61C41C7D998000E2BA71 /* AppDelegate.swift in Sources */ = {isa = PBXBuildFile; fileRef = C84A61C31C7D998000E2BA71 /* AppDelegate.swift */; };
		C84A61C91C7D998000E2BA71 /* Main.storyboard in Resources */ = {isa = PBXBuildFile; fileRef = C84A61C71C7D998000E2BA71 /* Main.storyboard */; };
		C84A61CB1C7D998000E2BA71 /* Assets.xcassets in Resources */ = {isa = PBXBuildFile; fileRef = C84A61CA1C7D998000E2BA71 /* Assets.xcassets */; };
		C84A61D91C7D998000E2BA71 /* swiftDemo2HappinessTests.swift in Sources */ = {isa = PBXBuildFile; fileRef = C84A61D81C7D998000E2BA71 /* swiftDemo2HappinessTests.swift */; };
		C84A61E41C7D998000E2BA71 /* swiftDemo2HappinessUITests.swift in Sources */ = {isa = PBXBuildFile; fileRef = C84A61E31C7D998000E2BA71 /* swiftDemo2HappinessUITests.swift */; };
		C84A61F41C7D9B5E00E2BA71 /* HappinessViewController.swift in Sources */ = {isa = PBXBuildFile; fileRef = C84A61F31C7D9B5E00E2BA71 /* HappinessViewController.swift */; };
		C84A61F61C7D9C6F00E2BA71 /* FaceView.swift in Sources */ = {isa = PBXBuildFile; fileRef = C84A61F51C7D9C6F00E2BA71 /* FaceView.swift */; };
/* End PBXBuildFile section */

/* Begin PBXContainerItemProxy section */
		C84A61D51C7D998000E2BA71 /* PBXContainerItemProxy */ = {
			isa = PBXContainerItemProxy;
			containerPortal = C84A61B81C7D998000E2BA71 /* Project object */;
			proxyType = 1;
			remoteGlobalIDString = C84A61BF1C7D998000E2BA71;
			remoteInfo = swiftDemo2Happiness;
		};
		C84A61E01C7D998000E2BA71 /* PBXContainerItemProxy */ = {
			isa = PBXContainerItemProxy;
			containerPortal = C84A61B81C7D998000E2BA71 /* Project object */;
			proxyType = 1;
			remoteGlobalIDString = C84A61BF1C7D998000E2BA71;
			remoteInfo = swiftDemo2Happiness;
		};
/* End PBXContainerItemProxy section */

/* Begin PBXFileReference section */
		C84A61C01C7D998000E2BA71 /* swiftDemo2Happiness.app */ = {isa = PBXFileReference; explicitFileType = wrapper.application; includeInIndex = 0; path = swiftDemo2Happiness.app; sourceTree = BUILT_PRODUCTS_DIR; };
		C84A61C31C7D998000E2BA71 /* AppDelegate.swift */ = {isa = PBXFileReference; lastKnownFileType = sourcecode.swift; path = AppDelegate.swift; sourceTree = "<group>"; };
		C84A61C81C7D998000E2BA71 /* Base */ = {isa = PBXFileReference; lastKnownFileType = file.storyboard; name = Base; path = Base.lproj/Main.storyboard; sourceTree = "<group>"; };
		C84A61CA1C7D998000E2BA71 /* Assets.xcassets */ = {isa = PBXFileReference; lastKnownFileType = folder.assetcatalog; path = Assets.xcassets; sourceTree = "<group>"; };
		C84A61CF1C7D998000E2BA71 /* Info.plist */ = {isa = PBXFileReference; lastKnownFileType = text.plist.xml; path = Info.plist; sourceTree = "<group>"; };
		C84A61D41C7D998000E2BA71 /* swiftDemo2HappinessTests.xctest */ = {isa = PBXFileReference; explicitFileType = wrapper.cfbundle; includeInIndex = 0; path = swiftDemo2HappinessTests.xctest; sourceTree = BUILT_PRODUCTS_DIR; };
		C84A61D81C7D998000E2BA71 /* swiftDemo2HappinessTests.swift */ = {isa = PBXFileReference; lastKnownFileType = sourcecode.swift; path = swiftDemo2HappinessTests.swift; sourceTree = "<group>"; };
		C84A61DA1C7D998000E2BA71 /* Info.plist */ = {isa = PBXFileReference; lastKnownFileType = text.plist.xml; path = Info.plist; sourceTree = "<group>"; };
		C84A61DF1C7D998000E2BA71 /* swiftDemo2HappinessUITests.xctest */ = {isa = PBXFileReference; explicitFileType = wrapper.cfbundle; includeInIndex = 0; path = swiftDemo2HappinessUITests.xctest; sourceTree = BUILT_PRODUCTS_DIR; };
		C84A61E31C7D998000E2BA71 /* swiftDemo2HappinessUITests.swift */ = {isa = PBXFileReference; lastKnownFileType = sourcecode.swift; path = swiftDemo2HappinessUITests.swift; sourceTree = "<group>"; };
		C84A61E51C7D998000E2BA71 /* Info.plist */ = {isa = PBXFileReference; lastKnownFileType = text.plist.xml; path = Info.plist; sourceTree = "<group>"; };
		C84A61F31C7D9B5E00E2BA71 /* HappinessViewController.swift */ = {isa = PBXFileReference; fileEncoding = 4; lastKnownFileType = sourcecode.swift; path = HappinessViewController.swift; sourceTree = "<group>"; };
		C84A61F51C7D9C6F00E2BA71 /* FaceView.swift */ = {isa = PBXFileReference; fileEncoding = 4; lastKnownFileType = sourcecode.swift; path = FaceView.swift; sourceTree = "<group>"; };
/* End PBXFileReference section */

/* Begin PBXFrameworksBuildPhase section */
		C84A61BD1C7D998000E2BA71 /* Frameworks */ = {
			isa = PBXFrameworksBuildPhase;
			buildActionMask = 2147483647;
			files = (
			);
			runOnlyForDeploymentPostprocessing = 0;
		};
		C84A61D11C7D998000E2BA71 /* Frameworks */ = {
			isa = PBXFrameworksBuildPhase;
			buildActionMask = 2147483647;
			files = (
			);
			runOnlyForDeploymentPostprocessing = 0;
		};
		C84A61DC1C7D998000E2BA71 /* Frameworks */ = {
			isa = PBXFrameworksBuildPhase;
			buildActionMask = 2147483647;
			files = (
			);
			runOnlyForDeploymentPostprocessing = 0;
		};
/* End PBXFrameworksBuildPhase section */

/* Begin PBXGroup section */
		C84A61B71C7D998000E2BA71 = {
			isa = PBXGroup;
			children = (
				C84A61C21C7D998000E2BA71 /* swiftDemo2Happiness */,
				C84A61D71C7D998000E2BA71 /* swiftDemo2HappinessTests */,
				C84A61E21C7D998000E2BA71 /* swiftDemo2HappinessUITests */,
				C84A61C11C7D998000E2BA71 /* Products */,
			);
			sourceTree = "<group>";
		};
		C84A61C11C7D998000E2BA71 /* Products */ = {
			isa = PBXGroup;
			children = (
				C84A61C01C7D998000E2BA71 /* swiftDemo2Happiness.app */,
				C84A61D41C7D998000E2BA71 /* swiftDemo2HappinessTests.xctest */,
				C84A61DF1C7D998000E2BA71 /* swiftDemo2HappinessUITests.xctest */,
			);
			name = Products;
			sourceTree = "<group>";
		};
		C84A61C21C7D998000E2BA71 /* swiftDemo2Happiness */ = {
			isa = PBXGroup;
			children = (
				C84A61C31C7D998000E2BA71 /* AppDelegate.swift */,
				C84A61C71C7D998000E2BA71 /* Main.storyboard */,
				C84A61CA1C7D998000E2BA71 /* Assets.xcassets */,
				C84A61CF1C7D998000E2BA71 /* Info.plist */,
				C84A61F31C7D9B5E00E2BA71 /* HappinessViewController.swift */,
				C84A61F51C7D9C6F00E2BA71 /* FaceView.swift */,
			);
			path = swiftDemo2Happiness;
			sourceTree = "<group>";
		};
		C84A61D71C7D998000E2BA71 /* swiftDemo2HappinessTests */ = {
			isa = PBXGroup;
			children = (
				C84A61D81C7D998000E2BA71 /* swiftDemo2HappinessTests.swift */,
				C84A61DA1C7D998000E2BA71 /* Info.plist */,
			);
			path = swiftDemo2HappinessTests;
			sourceTree = "<group>";
		};
		C84A61E21C7D998000E2BA71 /* swiftDemo2HappinessUITests */ = {
			isa = PBXGroup;
			children = (
				C84A61E31C7D998000E2BA71 /* swiftDemo2HappinessUITests.swift */,
				C84A61E51C7D998000E2BA71 /* Info.plist */,
			);
			path = swiftDemo2HappinessUITests;
			sourceTree = "<group>";
		};
/* End PBXGroup section */

/* Begin PBXNativeTarget section */
		C84A61BF1C7D998000E2BA71 /* swiftDemo2Happiness */ = {
			isa = PBXNativeTarget;
			buildConfigurationList = C84A61E81C7D998000E2BA71 /* Build configuration list for PBXNativeTarget "swiftDemo2Happiness" */;
			buildPhases = (
				C84A61BC1C7D998000E2BA71 /* Sources */,
				C84A61BD1C7D998000E2BA71 /* Frameworks */,
				C84A61BE1C7D998000E2BA71 /* Resources */,
			);
			buildRules = (
			);
			dependencies = (
			);
			name = swiftDemo2Happiness;
			productName = swiftDemo2Happiness;
			productReference = C84A61C01C7D998000E2BA71 /* swiftDemo2Happiness.app */;
			productType = "com.apple.product-type.application";
		};
		C84A61D31C7D998000E2BA71 /* swiftDemo2HappinessTests */ = {
			isa = PBXNativeTarget;
			buildConfigurationList = C84A61EB1C7D998000E2BA71 /* Build configuration list for PBXNativeTarget "swiftDemo2HappinessTests" */;
			buildPhases = (
				C84A61D01C7D998000E2BA71 /* Sources */,
				C84A61D11C7D998000E2BA71 /* Frameworks */,
				C84A61D21C7D998000E2BA71 /* Resources */,
			);
			buildRules = (
			);
			dependencies = (
				C84A61D61C7D998000E2BA71 /* PBXTargetDependency */,
			);
			name = swiftDemo2HappinessTests;
			productName = swiftDemo2HappinessTests;
			productReference = C84A61D41C7D998000E2BA71 /* swiftDemo2HappinessTests.xctest */;
			productType = "com.apple.product-type.bundle.unit-test";
		};
		C84A61DE1C7D998000E2BA71 /* swiftDemo2HappinessUITests */ = {
			isa = PBXNativeTarget;
			buildConfigurationList = C84A61EE1C7D998000E2BA71 /* Build configuration list for PBXNativeTarget "swiftDemo2HappinessUITests" */;
			buildPhases = (
				C84A61DB1C7D998000E2BA71 /* Sources */,
				C84A61DC1C7D998000E2BA71 /* Frameworks */,
				C84A61DD1C7D998000E2BA71 /* Resources */,
			);
			buildRules = (
			);
			dependencies = (
				C84A61E11C7D998000E2BA71 /* PBXTargetDependency */,
			);
			name = swiftDemo2HappinessUITests;
			productName = swiftDemo2HappinessUITests;
			productReference = C84A61DF1C7D998000E2BA71 /* swiftDemo2HappinessUITests.xctest */;
			productType = "com.apple.product-type.bundle.ui-testing";
		};
/* End PBXNativeTarget section */

/* Begin PBXProject section */
		C84A61B81C7D998000E2BA71 /* Project object */ = {
			isa = PBXProject;
			attributes = {
				LastSwiftUpdateCheck = 0720;
				LastUpgradeCheck = 0720;
				ORGANIZATIONNAME = duongnguyen;
				TargetAttributes = {
					C84A61BF1C7D998000E2BA71 = {
						CreatedOnToolsVersion = 7.2.1;
					};
					C84A61D31C7D998000E2BA71 = {
						CreatedOnToolsVersion = 7.2.1;
						TestTargetID = C84A61BF1C7D998000E2BA71;
					};
					C84A61DE1C7D998000E2BA71 = {
						CreatedOnToolsVersion = 7.2.1;
						TestTargetID = C84A61BF1C7D998000E2BA71;
					};
				};
			};
			buildConfigurationList = C84A61BB1C7D998000E2BA71 /* Build configuration list for PBXProject "swiftDemo2Happiness" */;
			compatibilityVersion = "Xcode 3.2";
			developmentRegion = English;
			hasScannedForEncodings = 0;
			knownRegions = (
				en,
				Base,
			);
			mainGroup = C84A61B71C7D998000E2BA71;
			productRefGroup = C84A61C11C7D998000E2BA71 /* Products */;
			projectDirPath = "";
			projectRoot = "";
			targets = (
				C84A61BF1C7D998000E2BA71 /* swiftDemo2Happiness */,
				C84A61D31C7D998000E2BA71 /* swiftDemo2HappinessTests */,
				C84A61DE1C7D998000E2BA71 /* swiftDemo2HappinessUITests */,
			);
		};
/* End PBXProject section */

/* Begin PBXResourcesBuildPhase section */
		C84A61BE1C7D998000E2BA71 /* Resources */ = {
			isa = PBXResourcesBuildPhase;
			buildActionMask = 2147483647;
			files = (
				C84A61CB1C7D998000E2BA71 /* Assets.xcassets in Resources */,
				C84A61C91C7D998000E2BA71 /* Main.storyboard in Resources */,
			);
			runOnlyForDeploymentPostprocessing = 0;
		};
		C84A61D21C7D998000E2BA71 /* Resources */ = {
			isa = PBXResourcesBuildPhase;
			buildActionMask = 2147483647;
			files = (
			);
			runOnlyForDeploymentPostprocessing = 0;
		};
		C84A61DD1C7D998000E2BA71 /* Resources */ = {
			isa = PBXResourcesBuildPhase;
			buildActionMask = 2147483647;
			files = (
			);
			runOnlyForDeploymentPostprocessing = 0;
		};
/* End PBXResourcesBuildPhase section */

/* Begin PBXSourcesBuildPhase section */
		C84A61BC1C7D998000E2BA71 /* Sources */ = {
			isa = PBXSourcesBuildPhase;
			buildActionMask = 2147483647;
			files = (
				C84A61F41C7D9B5E00E2BA71 /* HappinessViewController.swift in Sources */,
				C84A61C41C7D998000E2BA71 /* AppDelegate.swift in Sources */,
				C84A61F61C7D9C6F00E2BA71 /* FaceView.swift in Sources */,
			);
			runOnlyForDeploymentPostprocessing = 0;
		};
		C84A61D01C7D998000E2BA71 /* Sources */ = {
			isa = PBXSourcesBuildPhase;
			buildActionMask = 2147483647;
			files = (
				C84A61D91C7D998000E2BA71 /* swiftDemo2HappinessTests.swift in Sources */,
			);
			runOnlyForDeploymentPostprocessing = 0;
		};
		C84A61DB1C7D998000E2BA71 /* Sources */ = {
			isa = PBXSourcesBuildPhase;
			buildActionMask = 2147483647;
			files = (
				C84A61E41C7D998000E2BA71 /* swiftDemo2HappinessUITests.swift in Sources */,
			);
			runOnlyForDeploymentPostprocessing = 0;
		};
/* End PBXSourcesBuildPhase section */

/* Begin PBXTargetDependency section */
		C84A61D61C7D998000E2BA71 /* PBXTargetDependency */ = {
			isa = PBXTargetDependency;
			target = C84A61BF1C7D998000E2BA71 /* swiftDemo2Happiness */;
			targetProxy = C84A61D51C7D998000E2BA71 /* PBXContainerItemProxy */;
		};
		C84A61E11C7D998000E2BA71 /* PBXTargetDependency */ = {
			isa = PBXTargetDependency;
			target = C84A61BF1C7D998000E2BA71 /* swiftDemo2Happiness */;
			targetProxy = C84A61E01C7D998000E2BA71 /* PBXContainerItemProxy */;
		};
/* End PBXTargetDependency section */

/* Begin PBXVariantGroup section */
		C84A61C71C7D998000E2BA71 /* Main.storyboard */ = {
			isa = PBXVariantGroup;
			children = (
				C84A61C81C7D998000E2BA71 /* Base */,
			);
			name = Main.storyboard;
			sourceTree = "<group>";
		};
/* End PBXVariantGroup section */

/* Begin XCBuildConfiguration section */
		C84A61E61C7D998000E2BA71 /* Debug */ = {
			isa = XCBuildConfiguration;
			buildSettings = {
				ALWAYS_SEARCH_USER_PATHS = NO;
				CLANG_CXX_LANGUAGE_STANDARD = "gnu++0x";
				CLANG_CXX_LIBRARY = "libc++";
				CLANG_ENABLE_MODULES = YES;
				CLANG_ENABLE_OBJC_ARC = YES;
				CLANG_WARN_BOOL_CONVERSION = YES;
				CLANG_WARN_CONSTANT_CONVERSION = YES;
				CLANG_WARN_DIRECT_OBJC_ISA_USAGE = YES_ERROR;
				CLANG_WARN_EMPTY_BODY = YES;
				CLANG_WARN_ENUM_CONVERSION = YES;
				CLANG_WARN_INT_CONVERSION = YES;
				CLANG_WARN_OBJC_ROOT_CLASS = YES_ERROR;
				CLANG_WARN_UNREACHABLE_CODE = YES;
				CLANG_WARN__DUPLICATE_METHOD_MATCH = YES;
				"CODE_SIGN_IDENTITY[sdk=iphoneos*]" = "iPhone Developer";
				COPY_PHASE_STRIP = NO;
				DEBUG_INFORMATION_FORMAT = dwarf;
				ENABLE_STRICT_OBJC_MSGSEND = YES;
				ENABLE_TESTABILITY = YES;
				GCC_C_LANGUAGE_STANDARD = gnu99;
				GCC_DYNAMIC_NO_PIC = NO;
				GCC_NO_COMMON_BLOCKS = YES;
				GCC_OPTIMIZATION_LEVEL = 0;
				GCC_PREPROCESSOR_DEFINITIONS = (
					"DEBUG=1",
					"$(inherited)",
				);
				GCC_WARN_64_TO_32_BIT_CONVERSION = YES;
				GCC_WARN_ABOUT_RETURN_TYPE = YES_ERROR;
				GCC_WARN_UNDECLARED_SELECTOR = YES;
				GCC_WARN_UNINITIALIZED_AUTOS = YES_AGGRESSIVE;
				GCC_WARN_UNUSED_FUNCTION = YES;
				GCC_WARN_UNUSED_VARIABLE = YES;
				IPHONEOS_DEPLOYMENT_TARGET = 9.2;
				MTL_ENABLE_DEBUG_INFO = YES;
				ONLY_ACTIVE_ARCH = YES;
				SDKROOT = iphoneos;
				SWIFT_OPTIMIZATION_LEVEL = "-Onone";
				TARGETED_DEVICE_FAMILY = "1,2";
			};
			name = Debug;
		};
		C84A61E71C7D998000E2BA71 /* Release */ = {
			isa = XCBuildConfiguration;
			buildSettings = {
				ALWAYS_SEARCH_USER_PATHS = NO;
				CLANG_CXX_LANGUAGE_STANDARD = "gnu++0x";
				CLANG_CXX_LIBRARY = "libc++";
				CLANG_ENABLE_MODULES = YES;
				CLANG_ENABLE_OBJC_ARC = YES;
				CLANG_WARN_BOOL_CONVERSION = YES;
				CLANG_WARN_CONSTANT_CONVERSION = YES;
				CLANG_WARN_DIRECT_OBJC_ISA_USAGE = YES_ERROR;
				CLANG_WARN_EMPTY_BODY = YES;
				CLANG_WARN_ENUM_CONVERSION = YES;
				CLANG_WARN_INT_CONVERSION = YES;
				CLANG_WARN_OBJC_ROOT_CLASS = YES_ERROR;
				CLANG_WARN_UNREACHABLE_CODE = YES;
				CLANG_WARN__DUPLICATE_METHOD_MATCH = YES;
				"CODE_SIGN_IDENTITY[sdk=iphoneos*]" = "iPhone Developer";
				COPY_PHASE_STRIP = NO;
				DEBUG_INFORMATION_FORMAT = "dwarf-with-dsym";
				ENABLE_NS_ASSERTIONS = NO;
				ENABLE_STRICT_OBJC_MSGSEND = YES;
				GCC_C_LANGUAGE_STANDARD = gnu99;
				GCC_NO_COMMON_BLOCKS = YES;
				GCC_WARN_64_TO_32_BIT_CONVERSION = YES;
				GCC_WARN_ABOUT_RETURN_TYPE = YES_ERROR;
				GCC_WARN_UNDECLARED_SELECTOR = YES;
				GCC_WARN_UNINITIALIZED_AUTOS = YES_AGGRESSIVE;
				GCC_WARN_UNUSED_FUNCTION = YES;
				GCC_WARN_UNUSED_VARIABLE = YES;
				IPHONEOS_DEPLOYMENT_TARGET = 9.2;
				MTL_ENABLE_DEBUG_INFO = NO;
				SDKROOT = iphoneos;
				TARGETED_DEVICE_FAMILY = "1,2";
				VALIDATE_PRODUCT = YES;
			};
			name = Release;
		};
		C84A61E91C7D998000E2BA71 /* Debug */ = {
			isa = XCBuildConfiguration;
			buildSettings = {
				ASSETCATALOG_COMPILER_APPICON_NAME = AppIcon;
				INFOPLIST_FILE = swiftDemo2Happiness/Info.plist;
				LD_RUNPATH_SEARCH_PATHS = "$(inherited) @executable_path/Frameworks";
				PRODUCT_BUNDLE_IDENTIFIER = com.swift1.swiftDemo2Happiness;
				PRODUCT_NAME = "$(TARGET_NAME)";
			};
			name = Debug;
		};
		C84A61EA1C7D998000E2BA71 /* Release */ = {
			isa = XCBuildConfiguration;
			buildSettings = {
				ASSETCATALOG_COMPILER_APPICON_NAME = AppIcon;
				INFOPLIST_FILE = swiftDemo2Happiness/Info.plist;
				LD_RUNPATH_SEARCH_PATHS = "$(inherited) @executable_path/Frameworks";
				PRODUCT_BUNDLE_IDENTIFIER = com.swift1.swiftDemo2Happiness;
				PRODUCT_NAME = "$(TARGET_NAME)";
			};
			name = Release;
		};
		C84A61EC1C7D998000E2BA71 /* Debug */ = {
			isa = XCBuildConfiguration;
			buildSettings = {
				BUNDLE_LOADER = "$(TEST_HOST)";
				INFOPLIST_FILE = swiftDemo2HappinessTests/Info.plist;
				LD_RUNPATH_SEARCH_PATHS = "$(inherited) @executable_path/Frameworks @loader_path/Frameworks";
				PRODUCT_BUNDLE_IDENTIFIER = com.swift1.swiftDemo2HappinessTests;
				PRODUCT_NAME = "$(TARGET_NAME)";
				TEST_HOST = "$(BUILT_PRODUCTS_DIR)/swiftDemo2Happiness.app/swiftDemo2Happiness";
			};
			name = Debug;
		};
		C84A61ED1C7D998000E2BA71 /* Release */ = {
			isa = XCBuildConfiguration;
			buildSettings = {
				BUNDLE_LOADER = "$(TEST_HOST)";
				INFOPLIST_FILE = swiftDemo2HappinessTests/Info.plist;
				LD_RUNPATH_SEARCH_PATHS = "$(inherited) @executable_path/Frameworks @loader_path/Frameworks";
				PRODUCT_BUNDLE_IDENTIFIER = com.swift1.swiftDemo2HappinessTests;
				PRODUCT_NAME = "$(TARGET_NAME)";
				TEST_HOST = "$(BUILT_PRODUCTS_DIR)/swiftDemo2Happiness.app/swiftDemo2Happiness";
			};
			name = Release;
		};
		C84A61EF1C7D998000E2BA71 /* Debug */ = {
			isa = XCBuildConfiguration;
			buildSettings = {
				INFOPLIST_FILE = swiftDemo2HappinessUITests/Info.plist;
				LD_RUNPATH_SEARCH_PATHS = "$(inherited) @executable_path/Frameworks @loader_path/Frameworks";
				PRODUCT_BUNDLE_IDENTIFIER = com.swift1.swiftDemo2HappinessUITests;
				PRODUCT_NAME = "$(TARGET_NAME)";
				TEST_TARGET_NAME = swiftDemo2Happiness;
				USES_XCTRUNNER = YES;
			};
			name = Debug;
		};
		C84A61F01C7D998000E2BA71 /* Release */ = {
			isa = XCBuildConfiguration;
			buildSettings = {
				INFOPLIST_FILE = swiftDemo2HappinessUITests/Info.plist;
				LD_RUNPATH_SEARCH_PATHS = "$(inherited) @executable_path/Frameworks @loader_path/Frameworks";
				PRODUCT_BUNDLE_IDENTIFIER = com.swift1.swiftDemo2HappinessUITests;
				PRODUCT_NAME = "$(TARGET_NAME)";
				TEST_TARGET_NAME = swiftDemo2Happiness;
				USES_XCTRUNNER = YES;
			};
			name = Release;
		};
/* End XCBuildConfiguration section */

/* Begin XCConfigurationList section */
		C84A61BB1C7D998000E2BA71 /* Build configuration list for PBXProject "swiftDemo2Happiness" */ = {
			isa = XCConfigurationList;
			buildConfigurations = (
				C84A61E61C7D998000E2BA71 /* Debug */,
				C84A61E71C7D998000E2BA71 /* Release */,
			);
			defaultConfigurationIsVisible = 0;
			defaultConfigurationName = Release;
		};
		C84A61E81C7D998000E2BA71 /* Build configuration list for PBXNativeTarget "swiftDemo2Happiness" */ = {
			isa = XCConfigurationList;
			buildConfigurations = (
				C84A61E91C7D998000E2BA71 /* Debug */,
				C84A61EA1C7D998000E2BA71 /* Release */,
			);
			defaultConfigurationIsVisible = 0;
		};
		C84A61EB1C7D998000E2BA71 /* Build configuration list for PBXNativeTarget "swiftDemo2HappinessTests" */ = {
			isa = XCConfigurationList;
			buildConfigurations = (
				C84A61EC1C7D998000E2BA71 /* Debug */,
				C84A61ED1C7D998000E2BA71 /* Release */,
			);
			defaultConfigurationIsVisible = 0;
		};
		C84A61EE1C7D998000E2BA71 /* Build configuration list for PBXNativeTarget "swiftDemo2HappinessUITests" */ = {
			isa = XCConfigurationList;
			buildConfigurations = (
				C84A61EF1C7D998000E2BA71 /* Debug */,
				C84A61F01C7D998000E2BA71 /* Release */,
			);
			defaultConfigurationIsVisible = 0;
		};
/* End XCConfigurationList section */
	};
	rootObject = C84A61B81C7D998000E2BA71 /* Project object */;
}
